
Microsoft Visual Studio Solution File, Format Version 12.00
# Visual Studio Version 16
VisualStudioVersion = 16.0.33130.400
MinimumVisualStudioVersion = 10.0.40219.1
Project("{FAE04EC0-301F-11D3-BF4B-00C04F79EFBC}") = "UnitTestingDemo", "UnitTestingDemo\UnitTestingDemo.csproj", "{8713FD40-E46E-4E64-BB81-5B4B6788482A}"
EndProject
Project("{FAE04EC0-301F-11D3-BF4B-00C04F79EFBC}") = "XUnitTestDemo", "XUnitTestDemo\XUnitTestDemo.csproj", "{F59F6B44-C7B2-429C-ACE0-FB08B304DC68}"
EndProject
Global
	GlobalSection(SolutionConfigurationPlatforms) = preSolution
		Debug|Any CPU = Debug|Any CPU
		Release|Any CPU = Release|Any CPU
	EndGlobalSection
	GlobalSection(ProjectConfigurationPlatforms) = postSolution
		{8713FD40-E46E-4E64-BB81-5B4B6788482A}.Debug|Any CPU.ActiveCfg = Debug|Any CPU
		{8713FD40-E46E-4E64-BB81-5B4B6788482A}.Debug|Any CPU.Build.0 = Debug|Any CPU
		{8713FD40-E46E-4E64-BB81-5B4B6788482A}.Release|Any CPU.ActiveCfg = Release|Any CPU
		{8713FD40-E46E-4E64-BB81-5B4B6788482A}.Release|Any CPU.Build.0 = Release|Any CPU
		{F59F6B44-C7B2-429C-ACE0-FB08B304DC68}.Debug|Any CPU.ActiveCfg = Debug|Any CPU
		{F59F6B44-C7B2-429C-ACE0-FB08B304DC68}.Debug|Any CPU.Build.0 = Debug|Any CPU
		{F59F6B44-C7B2-429C-ACE0-FB08B304DC68}.Release|Any CPU.ActiveCfg = Release|Any CPU
		{F59F6B44-C7B2-429C-ACE0-FB08B304DC68}.Release|Any CPU.Build.0 = Release|Any CPU
	EndGlobalSection
	GlobalSection(SolutionProperties) = preSolution
		HideSolutionNode = FALSE
	EndGlobalSection
	GlobalSection(ExtensibilityGlobals) = postSolution
		SolutionGuid = {94D259E9-15DE-47D8-BE67-1EE512797495}
	EndGlobalSection
EndGlobal
